
Microsoft Visual Studio Solution File, Format Version 12.00
# Visual Studio Version 16
VisualStudioVersion = 16.0.32126.315
MinimumVisualStudioVersion = 10.0.40219.1
Project("{FAE04EC0-301F-11D3-BF4B-00C04F79EFBC}") = "u19072237_HW04", "u19072237_HW04\u19072237_HW04.csproj", "{2747177A-8ABD-40D7-9980-9BDDB909806A}"
EndProject
Global
	GlobalSection(SolutionConfigurationPlatforms) = preSolution
		Debug|Any CPU = Debug|Any CPU
		Release|Any CPU = Release|Any CPU
	EndGlobalSection
	GlobalSection(ProjectConfigurationPlatforms) = postSolution
		{2747177A-8ABD-40D7-9980-9BDDB909806A}.Debug|Any CPU.ActiveCfg = Debug|Any CPU
		{2747177A-8ABD-40D7-9980-9BDDB909806A}.Debug|Any CPU.Build.0 = Debug|Any CPU
		{2747177A-8ABD-40D7-9980-9BDDB909806A}.Release|Any CPU.ActiveCfg = Release|Any CPU
		{2747177A-8ABD-40D7-9980-9BDDB909806A}.Release|Any CPU.Build.0 = Release|Any CPU
	EndGlobalSection
	GlobalSection(SolutionProperties) = preSolution
		HideSolutionNode = FALSE
	EndGlobalSection
	GlobalSection(ExtensibilityGlobals) = postSolution
		SolutionGuid = {AFA4A4EB-14E2-41D7-9212-75B764BFC14D}
	EndGlobalSection
EndGlobal
